<?xml version="1.0" encoding="utf-8"?>
<Project ToolsVersion="4.0" xmlns="http://schemas.microsoft.com/developer/msbuild/2003">
  <ItemGroup>
    <Filter Include="Source Files">
      <UniqueIdentifier>{4FC737F1-C7A5-4376-A066-2A32D752A2FF}</UniqueIdentifier>
      <Extensions>cpp;c;cc;cxx;c++;cppm;ixx;def;odl;idl;hpj;bat;asm;asmx</Extensions>
    </Filter>
    <Filter Include="Header Files">
      <UniqueIdentifier>{93995380-89BD-4b04-88EB-625FBE52EBFB}</UniqueIdentifier>
      <Extensions>h;hh;hpp;hxx;h++;hm;inl;inc;ipp;xsd</Extensions>
    </Filter>
    <Filter Include="Resource Files">
      <UniqueIdentifier>{67DA6AB6-F800-4c08-8B7A-83BB121AAD01}</UniqueIdentifier>
      <Extensions>rc;ico;cur;bmp;dlg;rc2;rct;bin;rgs;gif;jpg;jpeg;jpe;resx;tiff;tif;png;wav;mfcribbon-ms</Extensions>
    </Filter>
    <Filter Include="Header Files\lib">
      <UniqueIdentifier>{0edf153c-0240-41a3-93c4-1d2f534a0556}</UniqueIdentifier>
    </Filter>
    <Filter Include="Header Files\lib\bob">
      <UniqueIdentifier>{80961b03-f2f3-4738-ac59-882aea856fa4}</UniqueIdentifier>
    </Filter>
    <Filter Include="Header Files\Renderers">
      <UniqueIdentifier>{571f2a13-ff73-4356-9995-efd72db4e6bc}</UniqueIdentifier>
    </Filter>
    <Filter Include="Header Files\Renderers\Rasterizing">
      <UniqueIdentifier>{36885dec-b441-428c-991e-da5e3bb4808c}</UniqueIdentifier>
    </Filter>
    <Filter Include="Header Files\Renderers\Raycasting">
      <UniqueIdentifier>{47a4b239-44cf-4e45-a8cc-5bfb7d9bb0b9}</UniqueIdentifier>
    </Filter>
    <Filter Include="Source Files\Rasterizing">
      <UniqueIdentifier>{9260cadf-7e8d-4d4f-bf18-09b02842f008}</UniqueIdentifier>
    </Filter>
    <Filter Include="Source Files\Raycasting">
      <UniqueIdentifier>{1bf2391b-6063-4c2d-880b-26cb9d72ec44}</UniqueIdentifier>
    </Filter>
    <Filter Include="Header Files\Renderers\Hardware">
      <UniqueIdentifier>{b08cec15-d226-443a-b0ed-50bd3d9abe0b}</UniqueIdentifier>
    </Filter>
    <Filter Include="Header Files\Renderers\Hardware\Shaders">
      <UniqueIdentifier>{a3f18f64-e031-4923-8e81-f00b677e7a16}</UniqueIdentifier>
    </Filter>
    <Filter Include="Header Files\lib\avxxy">
      <UniqueIdentifier>{ffa497de-da58-4de7-aea4-79360fbf2ffd}</UniqueIdentifier>
    </Filter>
  </ItemGroup>
  <ItemGroup>
    <ClCompile Include="src\main.cpp">
      <Filter>Source Files</Filter>
    </ClCompile>
    <ClCompile Include="src\C_Input.cpp">
      <Filter>Source Files</Filter>
    </ClCompile>
    <ClCompile Include="lib\bob\Matrix4.cpp">
      <Filter>Source Files</Filter>
    </ClCompile>
    <ClCompile Include="src\AssetLoader.cpp">
      <Filter>Source Files</Filter>
    </ClCompile>
    <ClCompile Include="src\Threadpool.cpp">
      <Filter>Source Files</Filter>
    </ClCompile>
    <ClCompile Include="src\Renderers\Rasterizing\CoordinateTransformer.cpp">
      <Filter>Source Files</Filter>
    </ClCompile>
    <ClCompile Include="src\OSD.cpp">
      <Filter>Source Files</Filter>
    </ClCompile>
    <ClCompile Include="src\Statsman.cpp">
      <Filter>Source Files</Filter>
    </ClCompile>
    <ClCompile Include="src\Renderers\Rasterizing\BufferZoneManager.cpp">
      <Filter>Source Files</Filter>
    </ClCompile>
    <ClCompile Include="src\Renderers\Rasterizing\primitives.cpp">
      <Filter>Source Files</Filter>
    </ClCompile>
    <ClCompile Include="src\Renderers\RendererBase.cpp">
      <Filter>Source Files</Filter>
    </ClCompile>
    <ClCompile Include="src\BoundingBox.cpp">
      <Filter>Source Files</Filter>
    </ClCompile>
    <ClCompile Include="src\Renderers\RayCasting\Octree.cpp">
      <Filter>Source Files</Filter>
    </ClCompile>
    <ClCompile Include="src\Renderers\TextureManager.cpp">
      <Filter>Source Files</Filter>
    </ClCompile>
    <ClCompile Include="src\LUTMan.cpp">
      <Filter>Source Files</Filter>
    </ClCompile>
    <ClCompile Include="src\Mappers.cpp">
      <Filter>Source Files</Filter>
    </ClCompile>
    <ClCompile Include="src\Decoder.cpp">
      <Filter>Source Files</Filter>
    </ClCompile>
    <ClCompile Include="src\Texture.cpp">
      <Filter>Source Files</Filter>
    </ClCompile>
    <ClCompile Include="src\Renderers\Rasterizing\RasterizingExplodeAndRestoreSceneEffect.cpp">
      <Filter>Source Files\Rasterizing</Filter>
    </ClCompile>
    <ClCompile Include="src\Renderers\Rasterizing\RasterizingRenderer.cpp">
      <Filter>Source Files\Rasterizing</Filter>
    </ClCompile>
    <ClCompile Include="src\Renderers\RayCasting\RayCastingRenderer.cpp">
      <Filter>Source Files\Raycasting</Filter>
    </ClCompile>
    <ClCompile Include="src\Graphics.cpp">
      <Filter>Source Files</Filter>
    </ClCompile>
    <ClCompile Include="src\errors.cpp">
      <Filter>Source Files</Filter>
    </ClCompile>
    <ClCompile Include="src\Renderers\HardwareRasterizingRenderer.cpp">
      <Filter>Source Files</Filter>
    </ClCompile>
  </ItemGroup>
  <ItemGroup>
    <ClInclude Include="lib\bob\SSE_Vec4.h">
      <Filter>Header Files\lib\bob</Filter>
    </ClInclude>
    <ClInclude Include="lib\bob\Timer.h">
      <Filter>Header Files\lib\bob</Filter>
    </ClInclude>
    <ClInclude Include="lib\bob\Vec2.h">
      <Filter>Header Files\lib\bob</Filter>
    </ClInclude>
    <ClInclude Include="lib\bob\Vec3.h">
      <Filter>Header Files\lib\bob</Filter>
    </ClInclude>
    <ClInclude Include="lib\bob\Matrix4.h">
      <Filter>Header Files\lib\bob</Filter>
    </ClInclude>
    <ClInclude Include="lib\bob\VectorPack.h">
      <Filter>Header Files\lib\bob</Filter>
    </ClInclude>
    <ClInclude Include="src\C_Input.h">
      <Filter>Header Files</Filter>
    </ClInclude>
    <ClInclude Include="src\Renderers\RendererBase.h">
      <Filter>Header Files\Renderers</Filter>
    </ClInclude>
    <ClInclude Include="src\Vec.h">
      <Filter>Header Files</Filter>
    </ClInclude>
    <ClInclude Include="src\GameSettings.h">
      <Filter>Header Files</Filter>
    </ClInclude>
    <ClInclude Include="src\AssetLoader.h">
      <Filter>Header Files</Filter>
    </ClInclude>
    <ClInclude Include="src\helpers.h">
      <Filter>Header Files</Filter>
    </ClInclude>
    <ClInclude Include="src\Threadpool.h">
      <Filter>Header Files</Filter>
    </ClInclude>
    <ClInclude Include="src\Renderers\Rasterizing\RasterizingRenderer.h">
      <Filter>Header Files\Renderers</Filter>
    </ClInclude>
    <ClInclude Include="src\Renderers\Rasterizing\CoordinateTransformer.h">
      <Filter>Header Files</Filter>
    </ClInclude>
    <ClInclude Include="src\OSD.h">
      <Filter>Header Files</Filter>
    </ClInclude>
    <ClInclude Include="src\Statsman.h">
      <Filter>Header Files</Filter>
    </ClInclude>
    <ClInclude Include="src\smart.h">
      <Filter>Header Files</Filter>
    </ClInclude>
    <ClInclude Include="src\EnumCycler.h">
      <Filter>Header Files</Filter>
    </ClInclude>
    <ClInclude Include="src\Renderers\Rasterizing\RenderJobStore.h">
      <Filter>Header Files\Renderers</Filter>
    </ClInclude>
    <ClInclude Include="src\Renderers\Rasterizing\primitives.h">
      <Filter>Header Files\Renderers</Filter>
    </ClInclude>
    <ClInclude Include="src\BlockStore.h">
      <Filter>Header Files</Filter>
    </ClInclude>
    <ClInclude Include="src\Renderers\Rasterizing\BufferZoneManager.h">
      <Filter>Header Files</Filter>
    </ClInclude>
    <ClInclude Include="src\Renderers\Rasterizing\RasterizingBuffer.h">
      <Filter>Header Files\Renderers</Filter>
    </ClInclude>
    <ClInclude Include="src\BoundingBox.h">
      <Filter>Header Files</Filter>
    </ClInclude>
    <ClInclude Include="src\Renderers\TextureManager.h">
      <Filter>Header Files</Filter>
    </ClInclude>
    <ClInclude Include="src\LUTMan.h">
      <Filter>Header Files</Filter>
    </ClInclude>
    <ClInclude Include="src\aos2soa.h">
      <Filter>Header Files</Filter>
    </ClInclude>
    <ClInclude Include="src\Mappers.h">
      <Filter>Header Files</Filter>
    </ClInclude>
    <ClInclude Include="src\Texture.h">
      <Filter>Header Files</Filter>
    </ClInclude>
    <ClInclude Include="src\Decoder.h">
      <Filter>Header Files</Filter>
    </ClInclude>
    <ClInclude Include="src\Swizzler.h">
      <Filter>Header Files</Filter>
    </ClInclude>
    <ClInclude Include="src\Graphics.h">
      <Filter>Header Files</Filter>
    </ClInclude>
    <ClInclude Include="src\Renderers\RayCasting\Octree.h">
      <Filter>Header Files\Renderers\Raycasting</Filter>
    </ClInclude>
    <ClInclude Include="src\Renderers\Rasterizing\RasterizingExplodeAndRestoreSceneEffect.h">
      <Filter>Header Files\Renderers\Rasterizing</Filter>
    </ClInclude>
    <ClInclude Include="src\Renderers\RayCasting\RayCastingRenderer.h">
      <Filter>Header Files\Renderers</Filter>
    </ClInclude>
    <ClInclude Include="src\libs.h">
      <Filter>Header Files</Filter>
    </ClInclude>
    <ClInclude Include="src\errors.h">
      <Filter>Header Files</Filter>
    </ClInclude>
    <ClInclude Include="src\Renderers\HardwareRasterizingRenderer.h">
      <Filter>Header Files</Filter>
    </ClInclude>
  </ItemGroup>
  <ItemGroup>
    <None Include="src\Renderers\HardwareRasterizing\Shaders\cbuff.hlsli">
      <Filter>Header Files\Renderers\Hardware\Shaders</Filter>
    </None>
    <None Include="ISSUES.md" />
  </ItemGroup>
  <ItemGroup>
    <FxCompile Include="src\Renderers\HardwareRasterizing\Shaders\MainPS.hlsl">
      <Filter>Header Files\Renderers\Hardware\Shaders</Filter>
    </FxCompile>
    <FxCompile Include="src\Renderers\HardwareRasterizing\Shaders\MainVS.hlsl">
      <Filter>Header Files\Renderers\Hardware\Shaders</Filter>
    </FxCompile>
  </ItemGroup>
</Project>